
Microsoft Visual Studio Solution File, Format Version 12.00
# Visual Studio Version 17
VisualStudioVersion = 17.7.34003.232
MinimumVisualStudioVersion = 10.0.40219.1
Project("{F2A71F9B-5D33-465A-A702-920D77279786}") = "Ejercicio2", "Ejercicio2\Ejercicio2.fsproj", "{BAB806F0-756E-4055-89EC-D6586DE6BF6F}"
EndProject
Global
	GlobalSection(SolutionConfigurationPlatforms) = preSolution
		Debug|Any CPU = Debug|Any CPU
		Release|Any CPU = Release|Any CPU
	EndGlobalSection
	GlobalSection(ProjectConfigurationPlatforms) = postSolution
		{BAB806F0-756E-4055-89EC-D6586DE6BF6F}.Debug|Any CPU.ActiveCfg = Debug|Any CPU
		{BAB806F0-756E-4055-89EC-D6586DE6BF6F}.Debug|Any CPU.Build.0 = Debug|Any CPU
		{BAB806F0-756E-4055-89EC-D6586DE6BF6F}.Release|Any CPU.ActiveCfg = Release|Any CPU
		{BAB806F0-756E-4055-89EC-D6586DE6BF6F}.Release|Any CPU.Build.0 = Release|Any CPU
	EndGlobalSection
	GlobalSection(SolutionProperties) = preSolution
		HideSolutionNode = FALSE
	EndGlobalSection
	GlobalSection(ExtensibilityGlobals) = postSolution
		SolutionGuid = {FA6737F2-D7F1-4322-BB81-2D2F61DAF4B6}
	EndGlobalSection
EndGlobal
